{
  "name": "@thekade/kerdx",
  "version": "1.0.4",
  "lockfileVersion": 1,
  "requires": true,
  "dependencies": {
    "@thekade/base": {
      "version": "1.0.2",
      "resolved": "https://registry.npmjs.org/@thekade/base/-/base-1.0.2.tgz",
      "integrity": "sha512-avej19Z1MiRVMiurTNSFNA6YkEIoUlbhR28hkoE21bPzwrdhdvWDVN6EI0kRc5Nf3swSA0NIFlEfa0ES8jrQ5Q=="
    }
  }
}
