{
  "name": "@thekade/kerdx",
  "version": "1.0.0",
  "lockfileVersion": 1,
  "requires": true,
  "dependencies": {
    "kerdbase": {
      "version": "git+https://github.com/Kade-95/Base.git#817c9d3ff9b85eb0172fb02574d714927c01ce61",
      "from": "git+https://github.com/Kade-95/Base.git"
    }
  }
}
